
Microsoft Visual Studio Solution File, Format Version 12.00
# Visual Studio Version 17
VisualStudioVersion = 17.2.32516.85
MinimumVisualStudioVersion = 10.0.40219.1
Project("{FAE04EC0-301F-11D3-BF4B-00C04F79EFBC}") = "ProgrammingFundamentalsPractice", "ProgrammingFundamentalsPractice\ProgrammingFundamentalsPractice.csproj", "{F44F5F50-04E6-4815-AAEA-B4DDB265D693}"
EndProject
Global
	GlobalSection(SolutionConfigurationPlatforms) = preSolution
		Debug|Any CPU = Debug|Any CPU
		Release|Any CPU = Release|Any CPU
	EndGlobalSection
	GlobalSection(ProjectConfigurationPlatforms) = postSolution
		{F44F5F50-04E6-4815-AAEA-B4DDB265D693}.Debug|Any CPU.ActiveCfg = Debug|Any CPU
		{F44F5F50-04E6-4815-AAEA-B4DDB265D693}.Debug|Any CPU.Build.0 = Debug|Any CPU
		{F44F5F50-04E6-4815-AAEA-B4DDB265D693}.Release|Any CPU.ActiveCfg = Release|Any CPU
		{F44F5F50-04E6-4815-AAEA-B4DDB265D693}.Release|Any CPU.Build.0 = Release|Any CPU
	EndGlobalSection
	GlobalSection(SolutionProperties) = preSolution
		HideSolutionNode = FALSE
	EndGlobalSection
	GlobalSection(ExtensibilityGlobals) = postSolution
		SolutionGuid = {952D05A2-D350-4508-A9B4-5A8202193152}
	EndGlobalSection
EndGlobal
